
Microsoft Visual Studio Solution File, Format Version 10.00
# Visual Studio 2008
Project("{FAE04EC0-301F-11D3-BF4B-00C04F79EFBC}") = "BTSPracCourse.Schemas.Sample", "BTSPracCourse.Schemas.Sample\BTSPracCourse.Schemas.Sample.btproj", "{1668F6C9-D120-47A8-A58B-67FA26EC486E}"
EndProject
Project("{FAE04EC0-301F-11D3-BF4B-00C04F79EFBC}") = "BtsPracCourse.GUITests", "BtsPracCourse.GUITests\BtsPracCourse.GUITests.csproj", "{3B0EA6E6-7306-4107-BF24-848D3661CF1E}"
EndProject
Project("{FAE04EC0-301F-11D3-BF4B-00C04F79EFBC}") = "BTSPracCourse.Maps.Samples", "BTSPracCourse.Maps.Samples\BTSPracCourse.Maps.Samples.btproj", "{A770243D-92E9-4129-A3CC-2D094DE79CFC}"
EndProject
Project("{FAE04EC0-301F-11D3-BF4B-00C04F79EFBC}") = "BTSPracCourse.Maps.Scrpits", "BTSPracCourse.Maps.Scrpits\BTSPracCourse.Maps.Scrpits.csproj", "{FD3045E7-F005-4C83-AAA9-E52D4996C4B5}"
EndProject
Project("{FAE04EC0-301F-11D3-BF4B-00C04F79EFBC}") = "BTSPracCourse.Orchestrations.Processor", "BTSPracCourse.Orchestrations.Processor\BTSPracCourse.Orchestrations.Processor.btproj", "{83F669C4-3195-41E3-B347-3B38382715D6}"
EndProject
Project("{2150E333-8FDC-42A3-9474-1A3956D46DE8}") = "Orchestrations", "Orchestrations", "{B44EB5D7-E3EA-40A3-9F59-B9244E529B48}"
EndProject
Project("{2150E333-8FDC-42A3-9474-1A3956D46DE8}") = "WCFSample", "WCFSample", "{A2124C4B-390D-4FFF-A8BB-3E95B8AF6F0E}"
EndProject
Project("{FAE04EC0-301F-11D3-BF4B-00C04F79EFBC}") = "WCFClient", "WCFClient\WCFClient.csproj", "{60F017E5-491B-44B8-A881-4558FE06CAF8}"
EndProject
Project("{FAE04EC0-301F-11D3-BF4B-00C04F79EFBC}") = "BTSPracCourse.Orchestrations.WcfMultiplier", "WcfMultiplier\BTSPracCourse.Orchestrations.WcfMultiplier.csproj", "{251D2783-7479-44FF-8B94-A4021D63DA1A}"
EndProject
Project("{2150E333-8FDC-42A3-9474-1A3956D46DE8}") = "BAM", "BAM", "{0A84F782-2155-4D96-96C7-414096176624}"
EndProject
Project("{2150E333-8FDC-42A3-9474-1A3956D46DE8}") = "Schemas", "Schemas", "{4E423D46-207E-488C-AEFD-18D3B1719F2F}"
EndProject
Project("{2150E333-8FDC-42A3-9474-1A3956D46DE8}") = "Maps", "Maps", "{03BB9EBE-E35B-4BD8-9976-9318B147602B}"
EndProject
Project("{2150E333-8FDC-42A3-9474-1A3956D46DE8}") = "RulesEngine", "RulesEngine", "{7CCFAB4A-D192-40BA-B506-E9000B87505A}"
EndProject
Project("{2150E333-8FDC-42A3-9474-1A3956D46DE8}") = "Pipelines", "Pipelines", "{55EC6264-66F7-40C4-94A6-9A63A410745F}"
EndProject
Project("{FAE04EC0-301F-11D3-BF4B-00C04F79EFBC}") = "BTSPracCourse.Schemas.HTTPSample", "BTSPracCourse.Schemas.HTTPSample\BTSPracCourse.Schemas.HTTPSample.csproj", "{FB5C3614-EED5-4F51-8F4F-006B42342875}"
EndProject
Project("{FAE04EC0-301F-11D3-BF4B-00C04F79EFBC}") = "BTSPracCourse.RulesEngine.Schemas", "BTSPracCourse.RulesEngine.Schemas\BTSPracCourse.RulesEngine.Schemas.btproj", "{57C4AC75-4CDF-486B-80B8-FBA059008C57}"
EndProject
Project("{FAE04EC0-301F-11D3-BF4B-00C04F79EFBC}") = "BTSPracCourse.PipeLines.PipeLineComponents", "BTSPracCourse.PipeLines.PipeLineComponents\BTSPracCourse.PipeLines.PipeLineComponents.csproj", "{70F9F025-23D2-4FAB-AF51-0806A176BF08}"
EndProject
Project("{FAE04EC0-301F-11D3-BF4B-00C04F79EFBC}") = "BTSPracCourse.PipeLines.EncryptPipeLine", "BTSPracCourse.PipeLines.EncryptPipeLine\BTSPracCourse.PipeLines.EncryptPipeLine.btproj", "{CAEAE891-9316-40DB-B229-0424DD3B0E06}"
EndProject
Project("{FAE04EC0-301F-11D3-BF4B-00C04F79EFBC}") = "BTSPracCourse.Pipelines.FlatFileGS", "BTSPracCourse.Pipelines.FlatFileGS\BTSPracCourse.Pipelines.FlatFileGS.btproj", "{335A1B04-84CF-4340-AF27-13B183F557D1}"
EndProject
Project("{FAE04EC0-301F-11D3-BF4B-00C04F79EFBC}") = "BTSPracCourse.BAM.Sample.btproj", "BTSPracCOurse.BAM.Sample\BTSPracCourse.BAM.Sample.btproj.btproj", "{75C6237E-9F91-4940-AEC9-2509844ED369}"
EndProject
Project("{2150E333-8FDC-42A3-9474-1A3956D46DE8}") = "ErrorCollection", "ErrorCollection", "{C2EDB5A0-BE64-469E-969C-D571C09E45E8}"
EndProject
Project("{FAE04EC0-301F-11D3-BF4B-00C04F79EFBC}") = "PractBTS.ErrorCollection.HelperClasses", "..\ErrorCollection\HelperClasses\PractBTS.ErrorCollection.HelperClasses.csproj", "{1AA666FF-D1C7-443E-A2A5-312635C6E110}"
EndProject
Project("{FAE04EC0-301F-11D3-BF4B-00C04F79EFBC}") = "PractBTS.ErrorsCollection.EnableRoutingFailure", "..\ErrorCollection\PractBTS.ErrorsCollection.EnableRoutingFailure\PractBTS.ErrorsCollection.EnableRoutingFailure.csproj", "{4F7FDE8F-872C-44DD-8394-75ECC27C207D}"
EndProject
Project("{FAE04EC0-301F-11D3-BF4B-00C04F79EFBC}") = "PractBTS.ErrorCollection.ErrorHandler", "PractBTS.ErrorCollection.ErrorHandler\PractBTS.ErrorCollection.ErrorHandler.btproj", "{1B84D609-D4F5-4D4A-B6E5-A206253DB084}"
EndProject
Global
	GlobalSection(SolutionConfigurationPlatforms) = preSolution
		Debug|Any CPU = Debug|Any CPU
		Release|Any CPU = Release|Any CPU
	EndGlobalSection
	GlobalSection(ProjectConfigurationPlatforms) = postSolution
		{1668F6C9-D120-47A8-A58B-67FA26EC486E}.Debug|Any CPU.ActiveCfg = Debug|Any CPU
		{1668F6C9-D120-47A8-A58B-67FA26EC486E}.Debug|Any CPU.Build.0 = Debug|Any CPU
		{1668F6C9-D120-47A8-A58B-67FA26EC486E}.Debug|Any CPU.Deploy.0 = Debug|Any CPU
		{1668F6C9-D120-47A8-A58B-67FA26EC486E}.Release|Any CPU.ActiveCfg = Release|Any CPU
		{1668F6C9-D120-47A8-A58B-67FA26EC486E}.Release|Any CPU.Build.0 = Release|Any CPU
		{1668F6C9-D120-47A8-A58B-67FA26EC486E}.Release|Any CPU.Deploy.0 = Release|Any CPU
		{3B0EA6E6-7306-4107-BF24-848D3661CF1E}.Debug|Any CPU.ActiveCfg = Debug|Any CPU
		{3B0EA6E6-7306-4107-BF24-848D3661CF1E}.Debug|Any CPU.Build.0 = Debug|Any CPU
		{3B0EA6E6-7306-4107-BF24-848D3661CF1E}.Release|Any CPU.ActiveCfg = Release|Any CPU
		{3B0EA6E6-7306-4107-BF24-848D3661CF1E}.Release|Any CPU.Build.0 = Release|Any CPU
		{A770243D-92E9-4129-A3CC-2D094DE79CFC}.Debug|Any CPU.ActiveCfg = Debug|Any CPU
		{A770243D-92E9-4129-A3CC-2D094DE79CFC}.Debug|Any CPU.Build.0 = Debug|Any CPU
		{A770243D-92E9-4129-A3CC-2D094DE79CFC}.Debug|Any CPU.Deploy.0 = Debug|Any CPU
		{A770243D-92E9-4129-A3CC-2D094DE79CFC}.Release|Any CPU.ActiveCfg = Release|Any CPU
		{A770243D-92E9-4129-A3CC-2D094DE79CFC}.Release|Any CPU.Build.0 = Release|Any CPU
		{A770243D-92E9-4129-A3CC-2D094DE79CFC}.Release|Any CPU.Deploy.0 = Release|Any CPU
		{FD3045E7-F005-4C83-AAA9-E52D4996C4B5}.Debug|Any CPU.ActiveCfg = Debug|Any CPU
		{FD3045E7-F005-4C83-AAA9-E52D4996C4B5}.Debug|Any CPU.Build.0 = Debug|Any CPU
		{FD3045E7-F005-4C83-AAA9-E52D4996C4B5}.Release|Any CPU.ActiveCfg = Release|Any CPU
		{FD3045E7-F005-4C83-AAA9-E52D4996C4B5}.Release|Any CPU.Build.0 = Release|Any CPU
		{83F669C4-3195-41E3-B347-3B38382715D6}.Debug|Any CPU.ActiveCfg = Debug|Any CPU
		{83F669C4-3195-41E3-B347-3B38382715D6}.Debug|Any CPU.Build.0 = Debug|Any CPU
		{83F669C4-3195-41E3-B347-3B38382715D6}.Debug|Any CPU.Deploy.0 = Debug|Any CPU
		{83F669C4-3195-41E3-B347-3B38382715D6}.Release|Any CPU.ActiveCfg = Release|Any CPU
		{83F669C4-3195-41E3-B347-3B38382715D6}.Release|Any CPU.Build.0 = Release|Any CPU
		{83F669C4-3195-41E3-B347-3B38382715D6}.Release|Any CPU.Deploy.0 = Release|Any CPU
		{60F017E5-491B-44B8-A881-4558FE06CAF8}.Debug|Any CPU.ActiveCfg = Debug|Any CPU
		{60F017E5-491B-44B8-A881-4558FE06CAF8}.Debug|Any CPU.Build.0 = Debug|Any CPU
		{60F017E5-491B-44B8-A881-4558FE06CAF8}.Release|Any CPU.ActiveCfg = Release|Any CPU
		{60F017E5-491B-44B8-A881-4558FE06CAF8}.Release|Any CPU.Build.0 = Release|Any CPU
		{251D2783-7479-44FF-8B94-A4021D63DA1A}.Debug|Any CPU.ActiveCfg = Debug|Any CPU
		{251D2783-7479-44FF-8B94-A4021D63DA1A}.Debug|Any CPU.Build.0 = Debug|Any CPU
		{251D2783-7479-44FF-8B94-A4021D63DA1A}.Release|Any CPU.ActiveCfg = Release|Any CPU
		{251D2783-7479-44FF-8B94-A4021D63DA1A}.Release|Any CPU.Build.0 = Release|Any CPU
		{FB5C3614-EED5-4F51-8F4F-006B42342875}.Debug|Any CPU.ActiveCfg = Debug|Any CPU
		{FB5C3614-EED5-4F51-8F4F-006B42342875}.Debug|Any CPU.Build.0 = Debug|Any CPU
		{FB5C3614-EED5-4F51-8F4F-006B42342875}.Release|Any CPU.ActiveCfg = Release|Any CPU
		{FB5C3614-EED5-4F51-8F4F-006B42342875}.Release|Any CPU.Build.0 = Release|Any CPU
		{57C4AC75-4CDF-486B-80B8-FBA059008C57}.Debug|Any CPU.ActiveCfg = Debug|Any CPU
		{57C4AC75-4CDF-486B-80B8-FBA059008C57}.Debug|Any CPU.Build.0 = Debug|Any CPU
		{57C4AC75-4CDF-486B-80B8-FBA059008C57}.Debug|Any CPU.Deploy.0 = Debug|Any CPU
		{57C4AC75-4CDF-486B-80B8-FBA059008C57}.Release|Any CPU.ActiveCfg = Release|Any CPU
		{57C4AC75-4CDF-486B-80B8-FBA059008C57}.Release|Any CPU.Build.0 = Release|Any CPU
		{57C4AC75-4CDF-486B-80B8-FBA059008C57}.Release|Any CPU.Deploy.0 = Release|Any CPU
		{70F9F025-23D2-4FAB-AF51-0806A176BF08}.Debug|Any CPU.ActiveCfg = Debug|Any CPU
		{70F9F025-23D2-4FAB-AF51-0806A176BF08}.Debug|Any CPU.Build.0 = Debug|Any CPU
		{70F9F025-23D2-4FAB-AF51-0806A176BF08}.Release|Any CPU.ActiveCfg = Release|Any CPU
		{70F9F025-23D2-4FAB-AF51-0806A176BF08}.Release|Any CPU.Build.0 = Release|Any CPU
		{CAEAE891-9316-40DB-B229-0424DD3B0E06}.Debug|Any CPU.ActiveCfg = Debug|Any CPU
		{CAEAE891-9316-40DB-B229-0424DD3B0E06}.Debug|Any CPU.Build.0 = Debug|Any CPU
		{CAEAE891-9316-40DB-B229-0424DD3B0E06}.Debug|Any CPU.Deploy.0 = Debug|Any CPU
		{CAEAE891-9316-40DB-B229-0424DD3B0E06}.Release|Any CPU.ActiveCfg = Release|Any CPU
		{CAEAE891-9316-40DB-B229-0424DD3B0E06}.Release|Any CPU.Build.0 = Release|Any CPU
		{CAEAE891-9316-40DB-B229-0424DD3B0E06}.Release|Any CPU.Deploy.0 = Release|Any CPU
		{335A1B04-84CF-4340-AF27-13B183F557D1}.Debug|Any CPU.ActiveCfg = Debug|Any CPU
		{335A1B04-84CF-4340-AF27-13B183F557D1}.Debug|Any CPU.Build.0 = Debug|Any CPU
		{335A1B04-84CF-4340-AF27-13B183F557D1}.Debug|Any CPU.Deploy.0 = Debug|Any CPU
		{335A1B04-84CF-4340-AF27-13B183F557D1}.Release|Any CPU.ActiveCfg = Release|Any CPU
		{335A1B04-84CF-4340-AF27-13B183F557D1}.Release|Any CPU.Build.0 = Release|Any CPU
		{335A1B04-84CF-4340-AF27-13B183F557D1}.Release|Any CPU.Deploy.0 = Release|Any CPU
		{75C6237E-9F91-4940-AEC9-2509844ED369}.Debug|Any CPU.ActiveCfg = Debug|Any CPU
		{75C6237E-9F91-4940-AEC9-2509844ED369}.Debug|Any CPU.Build.0 = Debug|Any CPU
		{75C6237E-9F91-4940-AEC9-2509844ED369}.Debug|Any CPU.Deploy.0 = Debug|Any CPU
		{75C6237E-9F91-4940-AEC9-2509844ED369}.Release|Any CPU.ActiveCfg = Release|Any CPU
		{75C6237E-9F91-4940-AEC9-2509844ED369}.Release|Any CPU.Build.0 = Release|Any CPU
		{75C6237E-9F91-4940-AEC9-2509844ED369}.Release|Any CPU.Deploy.0 = Release|Any CPU
		{1AA666FF-D1C7-443E-A2A5-312635C6E110}.Debug|Any CPU.ActiveCfg = Debug|Any CPU
		{1AA666FF-D1C7-443E-A2A5-312635C6E110}.Debug|Any CPU.Build.0 = Debug|Any CPU
		{1AA666FF-D1C7-443E-A2A5-312635C6E110}.Release|Any CPU.ActiveCfg = Release|Any CPU
		{1AA666FF-D1C7-443E-A2A5-312635C6E110}.Release|Any CPU.Build.0 = Release|Any CPU
		{4F7FDE8F-872C-44DD-8394-75ECC27C207D}.Debug|Any CPU.ActiveCfg = Debug|Any CPU
		{4F7FDE8F-872C-44DD-8394-75ECC27C207D}.Debug|Any CPU.Build.0 = Debug|Any CPU
		{4F7FDE8F-872C-44DD-8394-75ECC27C207D}.Release|Any CPU.ActiveCfg = Release|Any CPU
		{4F7FDE8F-872C-44DD-8394-75ECC27C207D}.Release|Any CPU.Build.0 = Release|Any CPU
		{1B84D609-D4F5-4D4A-B6E5-A206253DB084}.Debug|Any CPU.ActiveCfg = Debug|Any CPU
		{1B84D609-D4F5-4D4A-B6E5-A206253DB084}.Debug|Any CPU.Build.0 = Debug|Any CPU
		{1B84D609-D4F5-4D4A-B6E5-A206253DB084}.Debug|Any CPU.Deploy.0 = Debug|Any CPU
		{1B84D609-D4F5-4D4A-B6E5-A206253DB084}.Release|Any CPU.ActiveCfg = Release|Any CPU
		{1B84D609-D4F5-4D4A-B6E5-A206253DB084}.Release|Any CPU.Build.0 = Release|Any CPU
		{1B84D609-D4F5-4D4A-B6E5-A206253DB084}.Release|Any CPU.Deploy.0 = Release|Any CPU
	EndGlobalSection
	GlobalSection(SolutionProperties) = preSolution
		HideSolutionNode = FALSE
	EndGlobalSection
	GlobalSection(NestedProjects) = preSolution
		{1668F6C9-D120-47A8-A58B-67FA26EC486E} = {4E423D46-207E-488C-AEFD-18D3B1719F2F}
		{FB5C3614-EED5-4F51-8F4F-006B42342875} = {4E423D46-207E-488C-AEFD-18D3B1719F2F}
		{FD3045E7-F005-4C83-AAA9-E52D4996C4B5} = {03BB9EBE-E35B-4BD8-9976-9318B147602B}
		{A770243D-92E9-4129-A3CC-2D094DE79CFC} = {03BB9EBE-E35B-4BD8-9976-9318B147602B}
		{A2124C4B-390D-4FFF-A8BB-3E95B8AF6F0E} = {B44EB5D7-E3EA-40A3-9F59-B9244E529B48}
		{C2EDB5A0-BE64-469E-969C-D571C09E45E8} = {B44EB5D7-E3EA-40A3-9F59-B9244E529B48}
		{83F669C4-3195-41E3-B347-3B38382715D6} = {A2124C4B-390D-4FFF-A8BB-3E95B8AF6F0E}
		{60F017E5-491B-44B8-A881-4558FE06CAF8} = {A2124C4B-390D-4FFF-A8BB-3E95B8AF6F0E}
		{251D2783-7479-44FF-8B94-A4021D63DA1A} = {A2124C4B-390D-4FFF-A8BB-3E95B8AF6F0E}
		{75C6237E-9F91-4940-AEC9-2509844ED369} = {0A84F782-2155-4D96-96C7-414096176624}
		{57C4AC75-4CDF-486B-80B8-FBA059008C57} = {7CCFAB4A-D192-40BA-B506-E9000B87505A}
		{70F9F025-23D2-4FAB-AF51-0806A176BF08} = {55EC6264-66F7-40C4-94A6-9A63A410745F}
		{CAEAE891-9316-40DB-B229-0424DD3B0E06} = {55EC6264-66F7-40C4-94A6-9A63A410745F}
		{335A1B04-84CF-4340-AF27-13B183F557D1} = {55EC6264-66F7-40C4-94A6-9A63A410745F}
		{1AA666FF-D1C7-443E-A2A5-312635C6E110} = {C2EDB5A0-BE64-469E-969C-D571C09E45E8}
		{4F7FDE8F-872C-44DD-8394-75ECC27C207D} = {C2EDB5A0-BE64-469E-969C-D571C09E45E8}
		{1B84D609-D4F5-4D4A-B6E5-A206253DB084} = {C2EDB5A0-BE64-469E-969C-D571C09E45E8}
	EndGlobalSection
EndGlobal
